
Microsoft Visual Studio Solution File, Format Version 12.00
# Visual Studio 2013
VisualStudioVersion = 12.0.31101.0
MinimumVisualStudioVersion = 10.0.40219.1
Project("{FAE04EC0-301F-11D3-BF4B-00C04F79EFBC}") = "BLT WWW", "BLT WWW\BLT WWW.csproj", "{43BB2B4A-C8AF-4873-9C24-DA0892FD75AF}"
EndProject
Project("{FAE04EC0-301F-11D3-BF4B-00C04F79EFBC}") = "BLT_Core", "BLT_Core\BLT_Core.csproj", "{F990496B-63A7-468B-8D3F-25F2672DAFE3}"
EndProject
Global
	GlobalSection(SolutionConfigurationPlatforms) = preSolution
		Debug|Any CPU = Debug|Any CPU
		Release|Any CPU = Release|Any CPU
	EndGlobalSection
	GlobalSection(ProjectConfigurationPlatforms) = postSolution
		{43BB2B4A-C8AF-4873-9C24-DA0892FD75AF}.Debug|Any CPU.ActiveCfg = Debug|Any CPU
		{43BB2B4A-C8AF-4873-9C24-DA0892FD75AF}.Debug|Any CPU.Build.0 = Debug|Any CPU
		{43BB2B4A-C8AF-4873-9C24-DA0892FD75AF}.Release|Any CPU.ActiveCfg = Release|Any CPU
		{43BB2B4A-C8AF-4873-9C24-DA0892FD75AF}.Release|Any CPU.Build.0 = Release|Any CPU
		{F990496B-63A7-468B-8D3F-25F2672DAFE3}.Debug|Any CPU.ActiveCfg = Debug|Any CPU
		{F990496B-63A7-468B-8D3F-25F2672DAFE3}.Debug|Any CPU.Build.0 = Debug|Any CPU
		{F990496B-63A7-468B-8D3F-25F2672DAFE3}.Release|Any CPU.ActiveCfg = Release|Any CPU
		{F990496B-63A7-468B-8D3F-25F2672DAFE3}.Release|Any CPU.Build.0 = Release|Any CPU
	EndGlobalSection
	GlobalSection(SolutionProperties) = preSolution
		HideSolutionNode = FALSE
	EndGlobalSection
EndGlobal
